
Microsoft Visual Studio Solution File, Format Version 12.00
# Visual Studio Version 17
VisualStudioVersion = 17.2.32526.322
MinimumVisualStudioVersion = 10.0.40219.1
Project("{FAE04EC0-301F-11D3-BF4B-00C04F79EFBC}") = "SGBPProject", "SGBPProject\SGBPProject.csproj", "{5015D3E8-83EA-427E-80EA-956A5CB956D5}"
EndProject
Global
	GlobalSection(SolutionConfigurationPlatforms) = preSolution
		Debug|Any CPU = Debug|Any CPU
		Release|Any CPU = Release|Any CPU
	EndGlobalSection
	GlobalSection(ProjectConfigurationPlatforms) = postSolution
		{5015D3E8-83EA-427E-80EA-956A5CB956D5}.Debug|Any CPU.ActiveCfg = Debug|Any CPU
		{5015D3E8-83EA-427E-80EA-956A5CB956D5}.Debug|Any CPU.Build.0 = Debug|Any CPU
		{5015D3E8-83EA-427E-80EA-956A5CB956D5}.Release|Any CPU.ActiveCfg = Release|Any CPU
		{5015D3E8-83EA-427E-80EA-956A5CB956D5}.Release|Any CPU.Build.0 = Release|Any CPU
	EndGlobalSection
	GlobalSection(SolutionProperties) = preSolution
		HideSolutionNode = FALSE
	EndGlobalSection
	GlobalSection(ExtensibilityGlobals) = postSolution
		SolutionGuid = {67FAB955-E3A8-448E-8F50-9B2EBB0DFEC1}
	EndGlobalSection
EndGlobal
